
Microsoft Visual Studio Solution File, Format Version 12.00
# Visual Studio Version 17
VisualStudioVersion = 17.0.32112.339
MinimumVisualStudioVersion = 10.0.40219.1
Project("{2150E333-8FDC-42A3-9474-1A3956D46DE8}") = "Services", "Services", "{4900DC22-2073-4105-9AF3-3F45D0799BB2}"
EndProject
Project("{2150E333-8FDC-42A3-9474-1A3956D46DE8}") = "CatalogService", "CatalogService", "{48EDF4E4-9BEA-43F6-999D-C46187DC4801}"
EndProject
Project("{9A19103F-16F7-4668-BE54-9A1E7A4F7556}") = "Catalog.Service.API", "Services\CatalogService\Catalog.Service.API\Catalog.Service.API.csproj", "{F0C579F8-7EF9-411D-8221-D6A538F46DE4}"
EndProject
Project("{2150E333-8FDC-42A3-9474-1A3956D46DE8}") = "Solution Items", "Solution Items", "{663C8D27-4449-40EA-9268-314F060B230C}"
	ProjectSection(SolutionItems) = preProject
		port.txt = port.txt
	EndProjectSection
EndProject
Project("{2150E333-8FDC-42A3-9474-1A3956D46DE8}") = "Shared", "Shared", "{E65722A1-DD83-4F5B-A79D-EFFB338941A1}"
EndProject
Project("{9A19103F-16F7-4668-BE54-9A1E7A4F7556}") = "Shared", "Shared\Shared\Shared.csproj", "{2420C38B-4640-4D2E-80FC-71859855B003}"
EndProject
Project("{2150E333-8FDC-42A3-9474-1A3956D46DE8}") = "IdentityServer", "IdentityServer", "{F2B64AA2-6337-45B2-9098-8F3D6335FAE9}"
EndProject
Project("{9A19103F-16F7-4668-BE54-9A1E7A4F7556}") = "IdetityServer", "IdetityServer\IdetityServer.csproj", "{88E03CD3-EB0C-46F2-92FA-CD5AE306F301}"
EndProject
Project("{2150E333-8FDC-42A3-9474-1A3956D46DE8}") = "PhotoStockService", "PhotoStockService", "{BD30FB9D-AEBE-4C6E-94CF-0CFBDE236D9F}"
EndProject
Project("{FAE04EC0-301F-11D3-BF4B-00C04F79EFBC}") = "PhotoStockService.API", "Services\PhotoStockService\PhotoStockService.API\PhotoStockService.API.csproj", "{BBB83A2E-3292-4634-B549-B7210F310154}"
EndProject
Project("{2150E333-8FDC-42A3-9474-1A3956D46DE8}") = "BasketService", "BasketService", "{6F2DADD8-0DD7-4849-8514-D1F94D6444CC}"
EndProject
Project("{FAE04EC0-301F-11D3-BF4B-00C04F79EFBC}") = "BasketService.API", "Services\BasketService\BasketService.API\BasketService.API.csproj", "{319CEE91-23F6-45B8-B61A-21D5EE06832C}"
EndProject
Project("{2150E333-8FDC-42A3-9474-1A3956D46DE8}") = "DiscountService", "DiscountService", "{633E66D2-FAB7-4E51-AFD7-B8BBAB2D41AF}"
EndProject
Project("{FAE04EC0-301F-11D3-BF4B-00C04F79EFBC}") = "DiscountService.API", "Services\DiscountService\DiscountService.API\DiscountService.API.csproj", "{7F9C4A63-E791-499B-A20C-2B394DAF051E}"
EndProject
Global
	GlobalSection(SolutionConfigurationPlatforms) = preSolution
		Debug|Any CPU = Debug|Any CPU
		Release|Any CPU = Release|Any CPU
	EndGlobalSection
	GlobalSection(ProjectConfigurationPlatforms) = postSolution
		{F0C579F8-7EF9-411D-8221-D6A538F46DE4}.Debug|Any CPU.ActiveCfg = Debug|Any CPU
		{F0C579F8-7EF9-411D-8221-D6A538F46DE4}.Debug|Any CPU.Build.0 = Debug|Any CPU
		{F0C579F8-7EF9-411D-8221-D6A538F46DE4}.Release|Any CPU.ActiveCfg = Release|Any CPU
		{F0C579F8-7EF9-411D-8221-D6A538F46DE4}.Release|Any CPU.Build.0 = Release|Any CPU
		{2420C38B-4640-4D2E-80FC-71859855B003}.Debug|Any CPU.ActiveCfg = Debug|Any CPU
		{2420C38B-4640-4D2E-80FC-71859855B003}.Debug|Any CPU.Build.0 = Debug|Any CPU
		{2420C38B-4640-4D2E-80FC-71859855B003}.Release|Any CPU.ActiveCfg = Release|Any CPU
		{2420C38B-4640-4D2E-80FC-71859855B003}.Release|Any CPU.Build.0 = Release|Any CPU
		{88E03CD3-EB0C-46F2-92FA-CD5AE306F301}.Debug|Any CPU.ActiveCfg = Debug|Any CPU
		{88E03CD3-EB0C-46F2-92FA-CD5AE306F301}.Debug|Any CPU.Build.0 = Debug|Any CPU
		{88E03CD3-EB0C-46F2-92FA-CD5AE306F301}.Release|Any CPU.ActiveCfg = Release|Any CPU
		{88E03CD3-EB0C-46F2-92FA-CD5AE306F301}.Release|Any CPU.Build.0 = Release|Any CPU
		{BBB83A2E-3292-4634-B549-B7210F310154}.Debug|Any CPU.ActiveCfg = Debug|Any CPU
		{BBB83A2E-3292-4634-B549-B7210F310154}.Debug|Any CPU.Build.0 = Debug|Any CPU
		{BBB83A2E-3292-4634-B549-B7210F310154}.Release|Any CPU.ActiveCfg = Release|Any CPU
		{BBB83A2E-3292-4634-B549-B7210F310154}.Release|Any CPU.Build.0 = Release|Any CPU
		{319CEE91-23F6-45B8-B61A-21D5EE06832C}.Debug|Any CPU.ActiveCfg = Debug|Any CPU
		{319CEE91-23F6-45B8-B61A-21D5EE06832C}.Debug|Any CPU.Build.0 = Debug|Any CPU
		{319CEE91-23F6-45B8-B61A-21D5EE06832C}.Release|Any CPU.ActiveCfg = Release|Any CPU
		{319CEE91-23F6-45B8-B61A-21D5EE06832C}.Release|Any CPU.Build.0 = Release|Any CPU
		{7F9C4A63-E791-499B-A20C-2B394DAF051E}.Debug|Any CPU.ActiveCfg = Debug|Any CPU
		{7F9C4A63-E791-499B-A20C-2B394DAF051E}.Debug|Any CPU.Build.0 = Debug|Any CPU
		{7F9C4A63-E791-499B-A20C-2B394DAF051E}.Release|Any CPU.ActiveCfg = Release|Any CPU
		{7F9C4A63-E791-499B-A20C-2B394DAF051E}.Release|Any CPU.Build.0 = Release|Any CPU
	EndGlobalSection
	GlobalSection(SolutionProperties) = preSolution
		HideSolutionNode = FALSE
	EndGlobalSection
	GlobalSection(NestedProjects) = preSolution
		{48EDF4E4-9BEA-43F6-999D-C46187DC4801} = {4900DC22-2073-4105-9AF3-3F45D0799BB2}
		{F0C579F8-7EF9-411D-8221-D6A538F46DE4} = {48EDF4E4-9BEA-43F6-999D-C46187DC4801}
		{2420C38B-4640-4D2E-80FC-71859855B003} = {E65722A1-DD83-4F5B-A79D-EFFB338941A1}
		{88E03CD3-EB0C-46F2-92FA-CD5AE306F301} = {F2B64AA2-6337-45B2-9098-8F3D6335FAE9}
		{BD30FB9D-AEBE-4C6E-94CF-0CFBDE236D9F} = {4900DC22-2073-4105-9AF3-3F45D0799BB2}
		{BBB83A2E-3292-4634-B549-B7210F310154} = {BD30FB9D-AEBE-4C6E-94CF-0CFBDE236D9F}
		{6F2DADD8-0DD7-4849-8514-D1F94D6444CC} = {4900DC22-2073-4105-9AF3-3F45D0799BB2}
		{319CEE91-23F6-45B8-B61A-21D5EE06832C} = {6F2DADD8-0DD7-4849-8514-D1F94D6444CC}
		{633E66D2-FAB7-4E51-AFD7-B8BBAB2D41AF} = {4900DC22-2073-4105-9AF3-3F45D0799BB2}
		{7F9C4A63-E791-499B-A20C-2B394DAF051E} = {633E66D2-FAB7-4E51-AFD7-B8BBAB2D41AF}
	EndGlobalSection
	GlobalSection(ExtensibilityGlobals) = postSolution
		SolutionGuid = {3E40052A-3997-4B0B-A4BB-4F4D255B31F4}
	EndGlobalSection
EndGlobal
